// !$*UTF8*$!
{
	archiveVersion = 1;
	classes = {
	};
	objectVersion = 56;
	objects = {

/* Begin PBXBuildFile section */
		E4786E4E2A28CB8F00F4A4DC /* AppDelegate.swift in Sources */ = {isa = PBXBuildFile; fileRef = E4786E4D2A28CB8F00F4A4DC /* AppDelegate.swift */; };
		E4786E502A28CB8F00F4A4DC /* SceneDelegate.swift in Sources */ = {isa = PBXBuildFile; fileRef = E4786E4F2A28CB8F00F4A4DC /* SceneDelegate.swift */; };
		E4786E522A28CB8F00F4A4DC /* ViewController.swift in Sources */ = {isa = PBXBuildFile; fileRef = E4786E512A28CB8F00F4A4DC /* ViewController.swift */; };
		E4786E552A28CB8F00F4A4DC /* Main.storyboard in Resources */ = {isa = PBXBuildFile; fileRef = E4786E532A28CB8F00F4A4DC /* Main.storyboard */; };
		E4786E572A28CB9200F4A4DC /* Assets.xcassets in Resources */ = {isa = PBXBuildFile; fileRef = E4786E562A28CB9200F4A4DC /* Assets.xcassets */; };
		E4786E5A2A28CB9200F4A4DC /* LaunchScreen.storyboard in Resources */ = {isa = PBXBuildFile; fileRef = E4786E582A28CB9200F4A4DC /* LaunchScreen.storyboard */; };
		E4786E642A2E1C8100F4A4DC /* Coordinator.swift in Sources */ = {isa = PBXBuildFile; fileRef = E4786E632A2E1C8100F4A4DC /* Coordinator.swift */; };
		E4786E662A2E1CF300F4A4DC /* LoginCoordinator.swift in Sources */ = {isa = PBXBuildFile; fileRef = E4786E652A2E1CF300F4A4DC /* LoginCoordinator.swift */; };
		E4786E692A2E1FF700F4A4DC /* LoginView.swift in Sources */ = {isa = PBXBuildFile; fileRef = E4786E682A2E1FF700F4A4DC /* LoginView.swift */; };
		E4786E6B2A2E201900F4A4DC /* LoginViewController.swift in Sources */ = {isa = PBXBuildFile; fileRef = E4786E6A2A2E201900F4A4DC /* LoginViewController.swift */; };
		E4786E702A37496400F4A4DC /* UiColor.swift in Sources */ = {isa = PBXBuildFile; fileRef = E4786E6F2A37496400F4A4DC /* UiColor.swift */; };
		E4786E732A375B3C00F4A4DC /* ImageDefault.swift in Sources */ = {isa = PBXBuildFile; fileRef = E4786E722A375B3C00F4A4DC /* ImageDefault.swift */; };
		E4786E752A37609C00F4A4DC /* ButtonDefault.swift in Sources */ = {isa = PBXBuildFile; fileRef = E4786E742A37609C00F4A4DC /* ButtonDefault.swift */; };
		E4786E772A3760B900F4A4DC /* LabelDefault.swift in Sources */ = {isa = PBXBuildFile; fileRef = E4786E762A3760B900F4A4DC /* LabelDefault.swift */; };
		E4786E792A3760CF00F4A4DC /* TextFieldDefault.swift in Sources */ = {isa = PBXBuildFile; fileRef = E4786E782A3760CF00F4A4DC /* TextFieldDefault.swift */; };
		E4786E7B2A38995100F4A4DC /* RegisterView.swift in Sources */ = {isa = PBXBuildFile; fileRef = E4786E7A2A38995100F4A4DC /* RegisterView.swift */; };
		E4786E7D2A38996500F4A4DC /* RegisterViewController.swift in Sources */ = {isa = PBXBuildFile; fileRef = E4786E7C2A38996500F4A4DC /* RegisterViewController.swift */; };
		E4786E7F2A38997C00F4A4DC /* RegisterCoordinator.swift in Sources */ = {isa = PBXBuildFile; fileRef = E4786E7E2A38997C00F4A4DC /* RegisterCoordinator.swift */; };
		E4786E842A49C21B00F4A4DC /* HomeViewController.swift in Sources */ = {isa = PBXBuildFile; fileRef = E4786E832A49C21B00F4A4DC /* HomeViewController.swift */; };
		E4786E862A49C26100F4A4DC /* HomeCoordinator.swift in Sources */ = {isa = PBXBuildFile; fileRef = E4786E852A49C26100F4A4DC /* HomeCoordinator.swift */; };
		E4786E882A49C2F500F4A4DC /* HomeView.swift in Sources */ = {isa = PBXBuildFile; fileRef = E4786E872A49C2F500F4A4DC /* HomeView.swift */; };
		E4786E8A2A4BE44300F4A4DC /* ViewControllerDefault.swift in Sources */ = {isa = PBXBuildFile; fileRef = E4786E892A4BE44300F4A4DC /* ViewControllerDefault.swift */; };
		E484AE072A4BF619005CC7E4 /* ViewDefault.swift in Sources */ = {isa = PBXBuildFile; fileRef = E484AE062A4BF619005CC7E4 /* ViewDefault.swift */; };
		E484AE0B2A4C0A56005CC7E4 /* TabBarController.swift in Sources */ = {isa = PBXBuildFile; fileRef = E484AE0A2A4C0A56005CC7E4 /* TabBarController.swift */; };
		E484AE0E2A4C0A93005CC7E4 /* SobreView.swift in Sources */ = {isa = PBXBuildFile; fileRef = E484AE0D2A4C0A93005CC7E4 /* SobreView.swift */; };
		E484AE102A4C0ACD005CC7E4 /* SobreViewController.swift in Sources */ = {isa = PBXBuildFile; fileRef = E484AE0F2A4C0ACD005CC7E4 /* SobreViewController.swift */; };
		E484AE142A4C0B55005CC7E4 /* NovaOcorrenciaView.swift in Sources */ = {isa = PBXBuildFile; fileRef = E484AE132A4C0B55005CC7E4 /* NovaOcorrenciaView.swift */; };
		E484AE162A4C0B72005CC7E4 /* NovaOcorrenciaViewController.swift in Sources */ = {isa = PBXBuildFile; fileRef = E484AE152A4C0B72005CC7E4 /* NovaOcorrenciaViewController.swift */; };
		E484AE182A4C0BAE005CC7E4 /* NovaOcorrenciaCoordinator.swift in Sources */ = {isa = PBXBuildFile; fileRef = E484AE172A4C0BAE005CC7E4 /* NovaOcorrenciaCoordinator.swift */; };
		E484AE1A2A4C0BC7005CC7E4 /* SobreCoordinator.swift in Sources */ = {isa = PBXBuildFile; fileRef = E484AE192A4C0BC7005CC7E4 /* SobreCoordinator.swift */; };
		E484AE1C2A4C0BF4005CC7E4 /* TabBarCoordinator.swift in Sources */ = {isa = PBXBuildFile; fileRef = E484AE1B2A4C0BF4005CC7E4 /* TabBarCoordinator.swift */; };
		E484AE1E2A4C2E9E005CC7E4 /* EscolherImage.swift in Sources */ = {isa = PBXBuildFile; fileRef = E484AE1D2A4C2E9E005CC7E4 /* EscolherImage.swift */; };
/* End PBXBuildFile section */

/* Begin PBXFileReference section */
		E4786E4A2A28CB8F00F4A4DC /* AppNotifica.app */ = {isa = PBXFileReference; explicitFileType = wrapper.application; includeInIndex = 0; path = AppNotifica.app; sourceTree = BUILT_PRODUCTS_DIR; };
		E4786E4D2A28CB8F00F4A4DC /* AppDelegate.swift */ = {isa = PBXFileReference; lastKnownFileType = sourcecode.swift; path = AppDelegate.swift; sourceTree = "<group>"; };
		E4786E4F2A28CB8F00F4A4DC /* SceneDelegate.swift */ = {isa = PBXFileReference; lastKnownFileType = sourcecode.swift; path = SceneDelegate.swift; sourceTree = "<group>"; };
		E4786E512A28CB8F00F4A4DC /* ViewController.swift */ = {isa = PBXFileReference; lastKnownFileType = sourcecode.swift; path = ViewController.swift; sourceTree = "<group>"; };
		E4786E542A28CB8F00F4A4DC /* Base */ = {isa = PBXFileReference; lastKnownFileType = file.storyboard; name = Base; path = Base.lproj/Main.storyboard; sourceTree = "<group>"; };
		E4786E562A28CB9200F4A4DC /* Assets.xcassets */ = {isa = PBXFileReference; lastKnownFileType = folder.assetcatalog; path = Assets.xcassets; sourceTree = "<group>"; };
		E4786E592A28CB9200F4A4DC /* Base */ = {isa = PBXFileReference; lastKnownFileType = file.storyboard; name = Base; path = Base.lproj/LaunchScreen.storyboard; sourceTree = "<group>"; };
		E4786E5B2A28CB9200F4A4DC /* Info.plist */ = {isa = PBXFileReference; lastKnownFileType = text.plist.xml; path = Info.plist; sourceTree = "<group>"; };
		E4786E632A2E1C8100F4A4DC /* Coordinator.swift */ = {isa = PBXFileReference; lastKnownFileType = sourcecode.swift; path = Coordinator.swift; sourceTree = "<group>"; };
		E4786E652A2E1CF300F4A4DC /* LoginCoordinator.swift */ = {isa = PBXFileReference; lastKnownFileType = sourcecode.swift; path = LoginCoordinator.swift; sourceTree = "<group>"; };
		E4786E682A2E1FF700F4A4DC /* LoginView.swift */ = {isa = PBXFileReference; lastKnownFileType = sourcecode.swift; path = LoginView.swift; sourceTree = "<group>"; };
		E4786E6A2A2E201900F4A4DC /* LoginViewController.swift */ = {isa = PBXFileReference; lastKnownFileType = sourcecode.swift; path = LoginViewController.swift; sourceTree = "<group>"; };
		E4786E6F2A37496400F4A4DC /* UiColor.swift */ = {isa = PBXFileReference; lastKnownFileType = sourcecode.swift; path = UiColor.swift; sourceTree = "<group>"; };
		E4786E722A375B3C00F4A4DC /* ImageDefault.swift */ = {isa = PBXFileReference; lastKnownFileType = sourcecode.swift; path = ImageDefault.swift; sourceTree = "<group>"; };
		E4786E742A37609C00F4A4DC /* ButtonDefault.swift */ = {isa = PBXFileReference; lastKnownFileType = sourcecode.swift; path = ButtonDefault.swift; sourceTree = "<group>"; };
		E4786E762A3760B900F4A4DC /* LabelDefault.swift */ = {isa = PBXFileReference; lastKnownFileType = sourcecode.swift; path = LabelDefault.swift; sourceTree = "<group>"; };
		E4786E782A3760CF00F4A4DC /* TextFieldDefault.swift */ = {isa = PBXFileReference; lastKnownFileType = sourcecode.swift; path = TextFieldDefault.swift; sourceTree = "<group>"; };
		E4786E7A2A38995100F4A4DC /* RegisterView.swift */ = {isa = PBXFileReference; lastKnownFileType = sourcecode.swift; path = RegisterView.swift; sourceTree = "<group>"; };
		E4786E7C2A38996500F4A4DC /* RegisterViewController.swift */ = {isa = PBXFileReference; lastKnownFileType = sourcecode.swift; path = RegisterViewController.swift; sourceTree = "<group>"; };
		E4786E7E2A38997C00F4A4DC /* RegisterCoordinator.swift */ = {isa = PBXFileReference; lastKnownFileType = sourcecode.swift; path = RegisterCoordinator.swift; sourceTree = "<group>"; };
		E4786E832A49C21B00F4A4DC /* HomeViewController.swift */ = {isa = PBXFileReference; lastKnownFileType = sourcecode.swift; path = HomeViewController.swift; sourceTree = "<group>"; };
		E4786E852A49C26100F4A4DC /* HomeCoordinator.swift */ = {isa = PBXFileReference; lastKnownFileType = sourcecode.swift; path = HomeCoordinator.swift; sourceTree = "<group>"; };
		E4786E872A49C2F500F4A4DC /* HomeView.swift */ = {isa = PBXFileReference; lastKnownFileType = sourcecode.swift; path = HomeView.swift; sourceTree = "<group>"; };
		E4786E892A4BE44300F4A4DC /* ViewControllerDefault.swift */ = {isa = PBXFileReference; lastKnownFileType = sourcecode.swift; path = ViewControllerDefault.swift; sourceTree = "<group>"; };
		E484AE062A4BF619005CC7E4 /* ViewDefault.swift */ = {isa = PBXFileReference; lastKnownFileType = sourcecode.swift; path = ViewDefault.swift; sourceTree = "<group>"; };
		E484AE0A2A4C0A56005CC7E4 /* TabBarController.swift */ = {isa = PBXFileReference; lastKnownFileType = sourcecode.swift; path = TabBarController.swift; sourceTree = "<group>"; };
		E484AE0D2A4C0A93005CC7E4 /* SobreView.swift */ = {isa = PBXFileReference; lastKnownFileType = sourcecode.swift; path = SobreView.swift; sourceTree = "<group>"; };
		E484AE0F2A4C0ACD005CC7E4 /* SobreViewController.swift */ = {isa = PBXFileReference; lastKnownFileType = sourcecode.swift; path = SobreViewController.swift; sourceTree = "<group>"; };
		E484AE132A4C0B55005CC7E4 /* NovaOcorrenciaView.swift */ = {isa = PBXFileReference; lastKnownFileType = sourcecode.swift; path = NovaOcorrenciaView.swift; sourceTree = "<group>"; };
		E484AE152A4C0B72005CC7E4 /* NovaOcorrenciaViewController.swift */ = {isa = PBXFileReference; lastKnownFileType = sourcecode.swift; path = NovaOcorrenciaViewController.swift; sourceTree = "<group>"; };
		E484AE172A4C0BAE005CC7E4 /* NovaOcorrenciaCoordinator.swift */ = {isa = PBXFileReference; lastKnownFileType = sourcecode.swift; path = NovaOcorrenciaCoordinator.swift; sourceTree = "<group>"; };
		E484AE192A4C0BC7005CC7E4 /* SobreCoordinator.swift */ = {isa = PBXFileReference; lastKnownFileType = sourcecode.swift; path = SobreCoordinator.swift; sourceTree = "<group>"; };
		E484AE1B2A4C0BF4005CC7E4 /* TabBarCoordinator.swift */ = {isa = PBXFileReference; lastKnownFileType = sourcecode.swift; path = TabBarCoordinator.swift; sourceTree = "<group>"; };
		E484AE1D2A4C2E9E005CC7E4 /* EscolherImage.swift */ = {isa = PBXFileReference; lastKnownFileType = sourcecode.swift; path = EscolherImage.swift; sourceTree = "<group>"; };
/* End PBXFileReference section */

/* Begin PBXFrameworksBuildPhase section */
		E4786E472A28CB8F00F4A4DC /* Frameworks */ = {
			isa = PBXFrameworksBuildPhase;
			buildActionMask = 2147483647;
			files = (
			);
			runOnlyForDeploymentPostprocessing = 0;
		};
/* End PBXFrameworksBuildPhase section */

/* Begin PBXGroup section */
		E4786E412A28CB8F00F4A4DC = {
			isa = PBXGroup;
			children = (
				E4786E4C2A28CB8F00F4A4DC /* AppNotifica */,
				E4786E4B2A28CB8F00F4A4DC /* Products */,
			);
			sourceTree = "<group>";
		};
		E4786E4B2A28CB8F00F4A4DC /* Products */ = {
			isa = PBXGroup;
			children = (
				E4786E4A2A28CB8F00F4A4DC /* AppNotifica.app */,
			);
			name = Products;
			sourceTree = "<group>";
		};
		E4786E4C2A28CB8F00F4A4DC /* AppNotifica */ = {
			isa = PBXGroup;
			children = (
				E4786E6C2A3748D600F4A4DC /* Source */,
				E4786E612A2E175400F4A4DC /* Resource */,
				E4786E5B2A28CB9200F4A4DC /* Info.plist */,
			);
			path = AppNotifica;
			sourceTree = "<group>";
		};
		E4786E612A2E175400F4A4DC /* Resource */ = {
			isa = PBXGroup;
			children = (
				E4786E582A28CB9200F4A4DC /* LaunchScreen.storyboard */,
				E4786E562A28CB9200F4A4DC /* Assets.xcassets */,
				E4786E532A28CB8F00F4A4DC /* Main.storyboard */,
				E4786E512A28CB8F00F4A4DC /* ViewController.swift */,
				E4786E4F2A28CB8F00F4A4DC /* SceneDelegate.swift */,
				E4786E4D2A28CB8F00F4A4DC /* AppDelegate.swift */,
			);
			path = Resource;
			sourceTree = "<group>";
		};
		E4786E622A2E1C1A00F4A4DC /* Coordinator */ = {
			isa = PBXGroup;
			children = (
				E4786E632A2E1C8100F4A4DC /* Coordinator.swift */,
				E4786E652A2E1CF300F4A4DC /* LoginCoordinator.swift */,
				E4786E7E2A38997C00F4A4DC /* RegisterCoordinator.swift */,
				E4786E852A49C26100F4A4DC /* HomeCoordinator.swift */,
				E484AE172A4C0BAE005CC7E4 /* NovaOcorrenciaCoordinator.swift */,
				E484AE192A4C0BC7005CC7E4 /* SobreCoordinator.swift */,
				E484AE1B2A4C0BF4005CC7E4 /* TabBarCoordinator.swift */,
			);
			path = Coordinator;
			sourceTree = "<group>";
		};
		E4786E672A2E1FCF00F4A4DC /* Controller */ = {
			isa = PBXGroup;
			children = (
				E484AE122A4C0AF7005CC7E4 /* Login */,
				E484AE112A4C0AE5005CC7E4 /* Register */,
				E484AE0C2A4C0A71005CC7E4 /* Sobre */,
				E484AE092A4C0A1F005CC7E4 /* TabBar */,
				E484AE082A4C0A0D005CC7E4 /* NovaOcorrencia */,
				E4786E802A49C0E400F4A4DC /* Home */,
			);
			path = Controller;
			sourceTree = "<group>";
		};
		E4786E6C2A3748D600F4A4DC /* Source */ = {
			isa = PBXGroup;
			children = (
				E4786E672A2E1FCF00F4A4DC /* Controller */,
				E4786E622A2E1C1A00F4A4DC /* Coordinator */,
				E4786E6E2A37491600F4A4DC /* Extension */,
			);
			path = Source;
			sourceTree = "<group>";
		};
		E4786E6E2A37491600F4A4DC /* Extension */ = {
			isa = PBXGroup;
			children = (
				E4786E712A37593900F4A4DC /* Infrastructure */,
			);
			path = Extension;
			sourceTree = "<group>";
		};
		E4786E712A37593900F4A4DC /* Infrastructure */ = {
			isa = PBXGroup;
			children = (
				E4786E722A375B3C00F4A4DC /* ImageDefault.swift */,
				E4786E6F2A37496400F4A4DC /* UiColor.swift */,
				E4786E742A37609C00F4A4DC /* ButtonDefault.swift */,
				E4786E762A3760B900F4A4DC /* LabelDefault.swift */,
				E4786E782A3760CF00F4A4DC /* TextFieldDefault.swift */,
				E4786E892A4BE44300F4A4DC /* ViewControllerDefault.swift */,
				E484AE062A4BF619005CC7E4 /* ViewDefault.swift */,
			);
			path = Infrastructure;
			sourceTree = "<group>";
		};
		E4786E802A49C0E400F4A4DC /* Home */ = {
			isa = PBXGroup;
			children = (
				E4786E832A49C21B00F4A4DC /* HomeViewController.swift */,
				E4786E872A49C2F500F4A4DC /* HomeView.swift */,
			);
			path = Home;
			sourceTree = "<group>";
		};
		E484AE082A4C0A0D005CC7E4 /* NovaOcorrencia */ = {
			isa = PBXGroup;
			children = (
				E484AE132A4C0B55005CC7E4 /* NovaOcorrenciaView.swift */,
				E484AE152A4C0B72005CC7E4 /* NovaOcorrenciaViewController.swift */,
				E484AE1D2A4C2E9E005CC7E4 /* EscolherImage.swift */,
			);
			path = NovaOcorrencia;
			sourceTree = "<group>";
		};
		E484AE092A4C0A1F005CC7E4 /* TabBar */ = {
			isa = PBXGroup;
			children = (
				E484AE0A2A4C0A56005CC7E4 /* TabBarController.swift */,
			);
			path = TabBar;
			sourceTree = "<group>";
		};
		E484AE0C2A4C0A71005CC7E4 /* Sobre */ = {
			isa = PBXGroup;
			children = (
				E484AE0D2A4C0A93005CC7E4 /* SobreView.swift */,
				E484AE0F2A4C0ACD005CC7E4 /* SobreViewController.swift */,
			);
			path = Sobre;
			sourceTree = "<group>";
		};
		E484AE112A4C0AE5005CC7E4 /* Register */ = {
			isa = PBXGroup;
			children = (
				E4786E7C2A38996500F4A4DC /* RegisterViewController.swift */,
				E4786E7A2A38995100F4A4DC /* RegisterView.swift */,
			);
			path = Register;
			sourceTree = "<group>";
		};
		E484AE122A4C0AF7005CC7E4 /* Login */ = {
			isa = PBXGroup;
			children = (
				E4786E6A2A2E201900F4A4DC /* LoginViewController.swift */,
				E4786E682A2E1FF700F4A4DC /* LoginView.swift */,
			);
			path = Login;
			sourceTree = "<group>";
		};
/* End PBXGroup section */

/* Begin PBXNativeTarget section */
		E4786E492A28CB8F00F4A4DC /* AppNotifica */ = {
			isa = PBXNativeTarget;
			buildConfigurationList = E4786E5E2A28CB9200F4A4DC /* Build configuration list for PBXNativeTarget "AppNotifica" */;
			buildPhases = (
				E4786E462A28CB8F00F4A4DC /* Sources */,
				E4786E472A28CB8F00F4A4DC /* Frameworks */,
				E4786E482A28CB8F00F4A4DC /* Resources */,
			);
			buildRules = (
			);
			dependencies = (
			);
			name = AppNotifica;
			productName = AppNotifica;
			productReference = E4786E4A2A28CB8F00F4A4DC /* AppNotifica.app */;
			productType = "com.apple.product-type.application";
		};
/* End PBXNativeTarget section */

/* Begin PBXProject section */
		E4786E422A28CB8F00F4A4DC /* Project object */ = {
			isa = PBXProject;
			attributes = {
				BuildIndependentTargetsInParallel = 1;
				LastSwiftUpdateCheck = 1430;
				LastUpgradeCheck = 1430;
				TargetAttributes = {
					E4786E492A28CB8F00F4A4DC = {
						CreatedOnToolsVersion = 14.3;
					};
				};
			};
			buildConfigurationList = E4786E452A28CB8F00F4A4DC /* Build configuration list for PBXProject "AppNotifica" */;
			compatibilityVersion = "Xcode 14.0";
			developmentRegion = en;
			hasScannedForEncodings = 0;
			knownRegions = (
				en,
				Base,
			);
			mainGroup = E4786E412A28CB8F00F4A4DC;
			productRefGroup = E4786E4B2A28CB8F00F4A4DC /* Products */;
			projectDirPath = "";
			projectRoot = "";
			targets = (
				E4786E492A28CB8F00F4A4DC /* AppNotifica */,
			);
		};
/* End PBXProject section */

/* Begin PBXResourcesBuildPhase section */
		E4786E482A28CB8F00F4A4DC /* Resources */ = {
			isa = PBXResourcesBuildPhase;
			buildActionMask = 2147483647;
			files = (
				E4786E5A2A28CB9200F4A4DC /* LaunchScreen.storyboard in Resources */,
				E4786E572A28CB9200F4A4DC /* Assets.xcassets in Resources */,
				E4786E552A28CB8F00F4A4DC /* Main.storyboard in Resources */,
			);
			runOnlyForDeploymentPostprocessing = 0;
		};
/* End PBXResourcesBuildPhase section */

/* Begin PBXSourcesBuildPhase section */
		E4786E462A28CB8F00F4A4DC /* Sources */ = {
			isa = PBXSourcesBuildPhase;
			buildActionMask = 2147483647;
			files = (
				E484AE162A4C0B72005CC7E4 /* NovaOcorrenciaViewController.swift in Sources */,
				E484AE1E2A4C2E9E005CC7E4 /* EscolherImage.swift in Sources */,
				E4786E6B2A2E201900F4A4DC /* LoginViewController.swift in Sources */,
				E4786E692A2E1FF700F4A4DC /* LoginView.swift in Sources */,
				E4786E7B2A38995100F4A4DC /* RegisterView.swift in Sources */,
				E4786E842A49C21B00F4A4DC /* HomeViewController.swift in Sources */,
				E484AE1A2A4C0BC7005CC7E4 /* SobreCoordinator.swift in Sources */,
				E4786E642A2E1C8100F4A4DC /* Coordinator.swift in Sources */,
				E4786E522A28CB8F00F4A4DC /* ViewController.swift in Sources */,
				E484AE0E2A4C0A93005CC7E4 /* SobreView.swift in Sources */,
				E484AE142A4C0B55005CC7E4 /* NovaOcorrenciaView.swift in Sources */,
				E484AE1C2A4C0BF4005CC7E4 /* TabBarCoordinator.swift in Sources */,
				E4786E662A2E1CF300F4A4DC /* LoginCoordinator.swift in Sources */,
				E4786E772A3760B900F4A4DC /* LabelDefault.swift in Sources */,
				E4786E732A375B3C00F4A4DC /* ImageDefault.swift in Sources */,
				E4786E882A49C2F500F4A4DC /* HomeView.swift in Sources */,
				E4786E702A37496400F4A4DC /* UiColor.swift in Sources */,
				E4786E7D2A38996500F4A4DC /* RegisterViewController.swift in Sources */,
				E4786E862A49C26100F4A4DC /* HomeCoordinator.swift in Sources */,
				E4786E752A37609C00F4A4DC /* ButtonDefault.swift in Sources */,
				E4786E8A2A4BE44300F4A4DC /* ViewControllerDefault.swift in Sources */,
				E4786E4E2A28CB8F00F4A4DC /* AppDelegate.swift in Sources */,
				E484AE182A4C0BAE005CC7E4 /* NovaOcorrenciaCoordinator.swift in Sources */,
				E484AE072A4BF619005CC7E4 /* ViewDefault.swift in Sources */,
				E484AE102A4C0ACD005CC7E4 /* SobreViewController.swift in Sources */,
				E4786E502A28CB8F00F4A4DC /* SceneDelegate.swift in Sources */,
				E484AE0B2A4C0A56005CC7E4 /* TabBarController.swift in Sources */,
				E4786E792A3760CF00F4A4DC /* TextFieldDefault.swift in Sources */,
				E4786E7F2A38997C00F4A4DC /* RegisterCoordinator.swift in Sources */,
			);
			runOnlyForDeploymentPostprocessing = 0;
		};
/* End PBXSourcesBuildPhase section */

/* Begin PBXVariantGroup section */
		E4786E532A28CB8F00F4A4DC /* Main.storyboard */ = {
			isa = PBXVariantGroup;
			children = (
				E4786E542A28CB8F00F4A4DC /* Base */,
			);
			name = Main.storyboard;
			sourceTree = "<group>";
		};
		E4786E582A28CB9200F4A4DC /* LaunchScreen.storyboard */ = {
			isa = PBXVariantGroup;
			children = (
				E4786E592A28CB9200F4A4DC /* Base */,
			);
			name = LaunchScreen.storyboard;
			sourceTree = "<group>";
		};
/* End PBXVariantGroup section */

/* Begin XCBuildConfiguration section */
		E4786E5C2A28CB9200F4A4DC /* Debug */ = {
			isa = XCBuildConfiguration;
			buildSettings = {
				ALWAYS_SEARCH_USER_PATHS = NO;
				CLANG_ANALYZER_NONNULL = YES;
				CLANG_ANALYZER_NUMBER_OBJECT_CONVERSION = YES_AGGRESSIVE;
				CLANG_CXX_LANGUAGE_STANDARD = "gnu++20";
				CLANG_ENABLE_MODULES = YES;
				CLANG_ENABLE_OBJC_ARC = YES;
				CLANG_ENABLE_OBJC_WEAK = YES;
				CLANG_WARN_BLOCK_CAPTURE_AUTORELEASING = YES;
				CLANG_WARN_BOOL_CONVERSION = YES;
				CLANG_WARN_COMMA = YES;
				CLANG_WARN_CONSTANT_CONVERSION = YES;
				CLANG_WARN_DEPRECATED_OBJC_IMPLEMENTATIONS = YES;
				CLANG_WARN_DIRECT_OBJC_ISA_USAGE = YES_ERROR;
				CLANG_WARN_DOCUMENTATION_COMMENTS = YES;
				CLANG_WARN_EMPTY_BODY = YES;
				CLANG_WARN_ENUM_CONVERSION = YES;
				CLANG_WARN_INFINITE_RECURSION = YES;
				CLANG_WARN_INT_CONVERSION = YES;
				CLANG_WARN_NON_LITERAL_NULL_CONVERSION = YES;
				CLANG_WARN_OBJC_IMPLICIT_RETAIN_SELF = YES;
				CLANG_WARN_OBJC_LITERAL_CONVERSION = YES;
				CLANG_WARN_OBJC_ROOT_CLASS = YES_ERROR;
				CLANG_WARN_QUOTED_INCLUDE_IN_FRAMEWORK_HEADER = YES;
				CLANG_WARN_RANGE_LOOP_ANALYSIS = YES;
				CLANG_WARN_STRICT_PROTOTYPES = YES;
				CLANG_WARN_SUSPICIOUS_MOVE = YES;
				CLANG_WARN_UNGUARDED_AVAILABILITY = YES_AGGRESSIVE;
				CLANG_WARN_UNREACHABLE_CODE = YES;
				CLANG_WARN__DUPLICATE_METHOD_MATCH = YES;
				COPY_PHASE_STRIP = NO;
				DEBUG_INFORMATION_FORMAT = dwarf;
				ENABLE_STRICT_OBJC_MSGSEND = YES;
				ENABLE_TESTABILITY = YES;
				GCC_C_LANGUAGE_STANDARD = gnu11;
				GCC_DYNAMIC_NO_PIC = NO;
				GCC_NO_COMMON_BLOCKS = YES;
				GCC_OPTIMIZATION_LEVEL = 0;
				GCC_PREPROCESSOR_DEFINITIONS = (
					"DEBUG=1",
					"$(inherited)",
				);
				GCC_WARN_64_TO_32_BIT_CONVERSION = YES;
				GCC_WARN_ABOUT_RETURN_TYPE = YES_ERROR;
				GCC_WARN_UNDECLARED_SELECTOR = YES;
				GCC_WARN_UNINITIALIZED_AUTOS = YES_AGGRESSIVE;
				GCC_WARN_UNUSED_FUNCTION = YES;
				GCC_WARN_UNUSED_VARIABLE = YES;
				IPHONEOS_DEPLOYMENT_TARGET = 16.4;
				MTL_ENABLE_DEBUG_INFO = INCLUDE_SOURCE;
				MTL_FAST_MATH = YES;
				ONLY_ACTIVE_ARCH = YES;
				SDKROOT = iphoneos;
				SWIFT_ACTIVE_COMPILATION_CONDITIONS = DEBUG;
				SWIFT_OPTIMIZATION_LEVEL = "-Onone";
			};
			name = Debug;
		};
		E4786E5D2A28CB9200F4A4DC /* Release */ = {
			isa = XCBuildConfiguration;
			buildSettings = {
				ALWAYS_SEARCH_USER_PATHS = NO;
				CLANG_ANALYZER_NONNULL = YES;
				CLANG_ANALYZER_NUMBER_OBJECT_CONVERSION = YES_AGGRESSIVE;
				CLANG_CXX_LANGUAGE_STANDARD = "gnu++20";
				CLANG_ENABLE_MODULES = YES;
				CLANG_ENABLE_OBJC_ARC = YES;
				CLANG_ENABLE_OBJC_WEAK = YES;
				CLANG_WARN_BLOCK_CAPTURE_AUTORELEASING = YES;
				CLANG_WARN_BOOL_CONVERSION = YES;
				CLANG_WARN_COMMA = YES;
				CLANG_WARN_CONSTANT_CONVERSION = YES;
				CLANG_WARN_DEPRECATED_OBJC_IMPLEMENTATIONS = YES;
				CLANG_WARN_DIRECT_OBJC_ISA_USAGE = YES_ERROR;
				CLANG_WARN_DOCUMENTATION_COMMENTS = YES;
				CLANG_WARN_EMPTY_BODY = YES;
				CLANG_WARN_ENUM_CONVERSION = YES;
				CLANG_WARN_INFINITE_RECURSION = YES;
				CLANG_WARN_INT_CONVERSION = YES;
				CLANG_WARN_NON_LITERAL_NULL_CONVERSION = YES;
				CLANG_WARN_OBJC_IMPLICIT_RETAIN_SELF = YES;
				CLANG_WARN_OBJC_LITERAL_CONVERSION = YES;
				CLANG_WARN_OBJC_ROOT_CLASS = YES_ERROR;
				CLANG_WARN_QUOTED_INCLUDE_IN_FRAMEWORK_HEADER = YES;
				CLANG_WARN_RANGE_LOOP_ANALYSIS = YES;
				CLANG_WARN_STRICT_PROTOTYPES = YES;
				CLANG_WARN_SUSPICIOUS_MOVE = YES;
				CLANG_WARN_UNGUARDED_AVAILABILITY = YES_AGGRESSIVE;
				CLANG_WARN_UNREACHABLE_CODE = YES;
				CLANG_WARN__DUPLICATE_METHOD_MATCH = YES;
				COPY_PHASE_STRIP = NO;
				DEBUG_INFORMATION_FORMAT = "dwarf-with-dsym";
				ENABLE_NS_ASSERTIONS = NO;
				ENABLE_STRICT_OBJC_MSGSEND = YES;
				GCC_C_LANGUAGE_STANDARD = gnu11;
				GCC_NO_COMMON_BLOCKS = YES;
				GCC_WARN_64_TO_32_BIT_CONVERSION = YES;
				GCC_WARN_ABOUT_RETURN_TYPE = YES_ERROR;
				GCC_WARN_UNDECLARED_SELECTOR = YES;
				GCC_WARN_UNINITIALIZED_AUTOS = YES_AGGRESSIVE;
				GCC_WARN_UNUSED_FUNCTION = YES;
				GCC_WARN_UNUSED_VARIABLE = YES;
				IPHONEOS_DEPLOYMENT_TARGET = 16.4;
				MTL_ENABLE_DEBUG_INFO = NO;
				MTL_FAST_MATH = YES;
				SDKROOT = iphoneos;
				SWIFT_COMPILATION_MODE = wholemodule;
				SWIFT_OPTIMIZATION_LEVEL = "-O";
				VALIDATE_PRODUCT = YES;
			};
			name = Release;
		};
		E4786E5F2A28CB9200F4A4DC /* Debug */ = {
			isa = XCBuildConfiguration;
			buildSettings = {
				ASSETCATALOG_COMPILER_APPICON_NAME = AppIcon;
				ASSETCATALOG_COMPILER_GLOBAL_ACCENT_COLOR_NAME = AccentColor;
				CODE_SIGN_STYLE = Automatic;
				CURRENT_PROJECT_VERSION = 1;
				GENERATE_INFOPLIST_FILE = YES;
				INFOPLIST_FILE = AppNotifica/Info.plist;
				INFOPLIST_KEY_UIApplicationSupportsIndirectInputEvents = YES;
				INFOPLIST_KEY_UILaunchStoryboardName = LaunchScreen;
				INFOPLIST_KEY_UIMainStoryboardFile = Main;
				INFOPLIST_KEY_UISupportedInterfaceOrientations_iPad = "UIInterfaceOrientationPortrait UIInterfaceOrientationPortraitUpsideDown UIInterfaceOrientationLandscapeLeft UIInterfaceOrientationLandscapeRight";
				INFOPLIST_KEY_UISupportedInterfaceOrientations_iPhone = "UIInterfaceOrientationPortrait UIInterfaceOrientationLandscapeLeft UIInterfaceOrientationLandscapeRight";
				LD_RUNPATH_SEARCH_PATHS = (
					"$(inherited)",
					"@executable_path/Frameworks",
				);
				MARKETING_VERSION = 1.0;
				PRODUCT_BUNDLE_IDENTIFIER = br.com.rafaelsouza.AppNotifica;
				PRODUCT_NAME = "$(TARGET_NAME)";
				SWIFT_EMIT_LOC_STRINGS = YES;
				SWIFT_VERSION = 5.0;
				TARGETED_DEVICE_FAMILY = "1,2";
			};
			name = Debug;
		};
		E4786E602A28CB9200F4A4DC /* Release */ = {
			isa = XCBuildConfiguration;
			buildSettings = {
				ASSETCATALOG_COMPILER_APPICON_NAME = AppIcon;
				ASSETCATALOG_COMPILER_GLOBAL_ACCENT_COLOR_NAME = AccentColor;
				CODE_SIGN_STYLE = Automatic;
				CURRENT_PROJECT_VERSION = 1;
				GENERATE_INFOPLIST_FILE = YES;
				INFOPLIST_FILE = AppNotifica/Info.plist;
				INFOPLIST_KEY_UIApplicationSupportsIndirectInputEvents = YES;
				INFOPLIST_KEY_UILaunchStoryboardName = LaunchScreen;
				INFOPLIST_KEY_UIMainStoryboardFile = Main;
				INFOPLIST_KEY_UISupportedInterfaceOrientations_iPad = "UIInterfaceOrientationPortrait UIInterfaceOrientationPortraitUpsideDown UIInterfaceOrientationLandscapeLeft UIInterfaceOrientationLandscapeRight";
				INFOPLIST_KEY_UISupportedInterfaceOrientations_iPhone = "UIInterfaceOrientationPortrait UIInterfaceOrientationLandscapeLeft UIInterfaceOrientationLandscapeRight";
				LD_RUNPATH_SEARCH_PATHS = (
					"$(inherited)",
					"@executable_path/Frameworks",
				);
				MARKETING_VERSION = 1.0;
				PRODUCT_BUNDLE_IDENTIFIER = br.com.rafaelsouza.AppNotifica;
				PRODUCT_NAME = "$(TARGET_NAME)";
				SWIFT_EMIT_LOC_STRINGS = YES;
				SWIFT_VERSION = 5.0;
				TARGETED_DEVICE_FAMILY = "1,2";
			};
			name = Release;
		};
/* End XCBuildConfiguration section */

/* Begin XCConfigurationList section */
		E4786E452A28CB8F00F4A4DC /* Build configuration list for PBXProject "AppNotifica" */ = {
			isa = XCConfigurationList;
			buildConfigurations = (
				E4786E5C2A28CB9200F4A4DC /* Debug */,
				E4786E5D2A28CB9200F4A4DC /* Release */,
			);
			defaultConfigurationIsVisible = 0;
			defaultConfigurationName = Release;
		};
		E4786E5E2A28CB9200F4A4DC /* Build configuration list for PBXNativeTarget "AppNotifica" */ = {
			isa = XCConfigurationList;
			buildConfigurations = (
				E4786E5F2A28CB9200F4A4DC /* Debug */,
				E4786E602A28CB9200F4A4DC /* Release */,
			);
			defaultConfigurationIsVisible = 0;
			defaultConfigurationName = Release;
		};
/* End XCConfigurationList section */
	};
	rootObject = E4786E422A28CB8F00F4A4DC /* Project object */;
}
